// !$*UTF8*$!
{
	archiveVersion = 1;
	classes = {
	};
	objectVersion = 46;
	objects = {

/* Begin PBXBuildFile section */
		676B11EB1BE84FF000CB22A4 /* AppDelegate.swift in Sources */ = {isa = PBXBuildFile; fileRef = 676B11EA1BE84FF000CB22A4 /* AppDelegate.swift */; };
		676B11ED1BE84FF000CB22A4 /* ViewController.swift in Sources */ = {isa = PBXBuildFile; fileRef = 676B11EC1BE84FF000CB22A4 /* ViewController.swift */; };
		676B11F01BE84FF000CB22A4 /* Main.storyboard in Resources */ = {isa = PBXBuildFile; fileRef = 676B11EE1BE84FF000CB22A4 /* Main.storyboard */; };
		676B11F21BE84FF000CB22A4 /* Assets.xcassets in Resources */ = {isa = PBXBuildFile; fileRef = 676B11F11BE84FF000CB22A4 /* Assets.xcassets */; };
		676B11F51BE84FF000CB22A4 /* LaunchScreen.storyboard in Resources */ = {isa = PBXBuildFile; fileRef = 676B11F31BE84FF000CB22A4 /* LaunchScreen.storyboard */; };
/* End PBXBuildFile section */

/* Begin PBXFileReference section */
		676B11E71BE84FF000CB22A4 /* Test Dynamic Cells.app */ = {isa = PBXFileReference; explicitFileType = wrapper.application; includeInIndex = 0; path = "Test Dynamic Cells.app"; sourceTree = BUILT_PRODUCTS_DIR; };
		676B11EA1BE84FF000CB22A4 /* AppDelegate.swift */ = {isa = PBXFileReference; lastKnownFileType = sourcecode.swift; path = AppDelegate.swift; sourceTree = "<group>"; };
		676B11EC1BE84FF000CB22A4 /* ViewController.swift */ = {isa = PBXFileReference; lastKnownFileType = sourcecode.swift; path = ViewController.swift; sourceTree = "<group>"; };
		676B11EF1BE84FF000CB22A4 /* Base */ = {isa = PBXFileReference; lastKnownFileType = file.storyboard; name = Base; path = Base.lproj/Main.storyboard; sourceTree = "<group>"; };
		676B11F11BE84FF000CB22A4 /* Assets.xcassets */ = {isa = PBXFileReference; lastKnownFileType = folder.assetcatalog; path = Assets.xcassets; sourceTree = "<group>"; };
		676B11F41BE84FF000CB22A4 /* Base */ = {isa = PBXFileReference; lastKnownFileType = file.storyboard; name = Base; path = Base.lproj/LaunchScreen.storyboard; sourceTree = "<group>"; };
		676B11F61BE84FF000CB22A4 /* Info.plist */ = {isa = PBXFileReference; lastKnownFileType = text.plist.xml; path = Info.plist; sourceTree = "<group>"; };
/* End PBXFileReference section */

/* Begin PBXFrameworksBuildPhase section */
		676B11E41BE84FF000CB22A4 /* Frameworks */ = {
			isa = PBXFrameworksBuildPhase;
			buildActionMask = 2147483647;
			files = (
			);
			runOnlyForDeploymentPostprocessing = 0;
		};
/* End PBXFrameworksBuildPhase section */

/* Begin PBXGroup section */
		676B11DE1BE84FF000CB22A4 = {
			isa = PBXGroup;
			children = (
				676B11E91BE84FF000CB22A4 /* Test Dynamic Cells */,
				676B11E81BE84FF000CB22A4 /* Products */,
			);
			sourceTree = "<group>";
		};
		676B11E81BE84FF000CB22A4 /* Products */ = {
			isa = PBXGroup;
			children = (
				676B11E71BE84FF000CB22A4 /* Test Dynamic Cells.app */,
			);
			name = Products;
			sourceTree = "<group>";
		};
		676B11E91BE84FF000CB22A4 /* Test Dynamic Cells */ = {
			isa = PBXGroup;
			children = (
				676B11EA1BE84FF000CB22A4 /* AppDelegate.swift */,
				676B11EC1BE84FF000CB22A4 /* ViewController.swift */,
				676B11EE1BE84FF000CB22A4 /* Main.storyboard */,
				676B11F11BE84FF000CB22A4 /* Assets.xcassets */,
				676B11F31BE84FF000CB22A4 /* LaunchScreen.storyboard */,
				676B11F61BE84FF000CB22A4 /* Info.plist */,
			);
			path = "Test Dynamic Cells";
			sourceTree = "<group>";
		};
/* End PBXGroup section */

/* Begin PBXNativeTarget section */
		676B11E61BE84FF000CB22A4 /* Test Dynamic Cells */ = {
			isa = PBXNativeTarget;
			buildConfigurationList = 676B11F91BE84FF000CB22A4 /* Build configuration list for PBXNativeTarget "Test Dynamic Cells" */;
			buildPhases = (
				676B11E31BE84FF000CB22A4 /* Sources */,
				676B11E41BE84FF000CB22A4 /* Frameworks */,
				676B11E51BE84FF000CB22A4 /* Resources */,
			);
			buildRules = (
			);
			dependencies = (
			);
			name = "Test Dynamic Cells";
			productName = "Test Dynamic Cells";
			productReference = 676B11E71BE84FF000CB22A4 /* Test Dynamic Cells.app */;
			productType = "com.apple.product-type.application";
		};
/* End PBXNativeTarget section */

/* Begin PBXProject section */
		676B11DF1BE84FF000CB22A4 /* Project object */ = {
			isa = PBXProject;
			attributes = {
				LastUpgradeCheck = 0700;
				ORGANIZATIONNAME = "Sam Walker";
				TargetAttributes = {
					676B11E61BE84FF000CB22A4 = {
						CreatedOnToolsVersion = 7.0;
					};
				};
			};
			buildConfigurationList = 676B11E21BE84FF000CB22A4 /* Build configuration list for PBXProject "Test Dynamic Cells" */;
			compatibilityVersion = "Xcode 3.2";
			developmentRegion = English;
			hasScannedForEncodings = 0;
			knownRegions = (
				en,
				Base,
			);
			mainGroup = 676B11DE1BE84FF000CB22A4;
			productRefGroup = 676B11E81BE84FF000CB22A4 /* Products */;
			projectDirPath = "";
			projectRoot = "";
			targets = (
				676B11E61BE84FF000CB22A4 /* Test Dynamic Cells */,
			);
		};
/* End PBXProject section */

/* Begin PBXResourcesBuildPhase section */
		676B11E51BE84FF000CB22A4 /* Resources */ = {
			isa = PBXResourcesBuildPhase;
			buildActionMask = 2147483647;
			files = (
				676B11F51BE84FF000CB22A4 /* LaunchScreen.storyboard in Resources */,
				676B11F21BE84FF000CB22A4 /* Assets.xcassets in Resources */,
				676B11F01BE84FF000CB22A4 /* Main.storyboard in Resources */,
			);
			runOnlyForDeploymentPostprocessing = 0;
		};
/* End PBXResourcesBuildPhase section */

/* Begin PBXSourcesBuildPhase section */
		676B11E31BE84FF000CB22A4 /* Sources */ = {
			isa = PBXSourcesBuildPhase;
			buildActionMask = 2147483647;
			files = (
				676B11ED1BE84FF000CB22A4 /* ViewController.swift in Sources */,
				676B11EB1BE84FF000CB22A4 /* AppDelegate.swift in Sources */,
			);
			runOnlyForDeploymentPostprocessing = 0;
		};
/* End PBXSourcesBuildPhase section */

/* Begin PBXVariantGroup section */
		676B11EE1BE84FF000CB22A4 /* Main.storyboard */ = {
			isa = PBXVariantGroup;
			children = (
				676B11EF1BE84FF000CB22A4 /* Base */,
			);
			name = Main.storyboard;
			sourceTree = "<group>";
		};
		676B11F31BE84FF000CB22A4 /* LaunchScreen.storyboard */ = {
			isa = PBXVariantGroup;
			children = (
				676B11F41BE84FF000CB22A4 /* Base */,
			);
			name = LaunchScreen.storyboard;
			sourceTree = "<group>";
		};
/* End PBXVariantGroup section */

/* Begin XCBuildConfiguration section */
		676B11F71BE84FF000CB22A4 /* Debug */ = {
			isa = XCBuildConfiguration;
			buildSettings = {
				ALWAYS_SEARCH_USER_PATHS = NO;
				CLANG_CXX_LANGUAGE_STANDARD = "gnu++0x";
				CLANG_CXX_LIBRARY = "libc++";
				CLANG_ENABLE_MODULES = YES;
				CLANG_ENABLE_OBJC_ARC = YES;
				CLANG_WARN_BOOL_CONVERSION = YES;
				CLANG_WARN_CONSTANT_CONVERSION = YES;
				CLANG_WARN_DIRECT_OBJC_ISA_USAGE = YES_ERROR;
				CLANG_WARN_EMPTY_BODY = YES;
				CLANG_WARN_ENUM_CONVERSION = YES;
				CLANG_WARN_INT_CONVERSION = YES;
				CLANG_WARN_OBJC_ROOT_CLASS = YES_ERROR;
				CLANG_WARN_UNREACHABLE_CODE = YES;
				CLANG_WARN__DUPLICATE_METHOD_MATCH = YES;
				"CODE_SIGN_IDENTITY[sdk=iphoneos*]" = "iPhone Developer";
				COPY_PHASE_STRIP = NO;
				DEBUG_INFORMATION_FORMAT = dwarf;
				ENABLE_STRICT_OBJC_MSGSEND = YES;
				ENABLE_TESTABILITY = YES;
				GCC_C_LANGUAGE_STANDARD = gnu99;
				GCC_DYNAMIC_NO_PIC = NO;
				GCC_NO_COMMON_BLOCKS = YES;
				GCC_OPTIMIZATION_LEVEL = 0;
				GCC_PREPROCESSOR_DEFINITIONS = (
					"DEBUG=1",
					"$(inherited)",
				);
				GCC_WARN_64_TO_32_BIT_CONVERSION = YES;
				GCC_WARN_ABOUT_RETURN_TYPE = YES_ERROR;
				GCC_WARN_UNDECLARED_SELECTOR = YES;
				GCC_WARN_UNINITIALIZED_AUTOS = YES_AGGRESSIVE;
				GCC_WARN_UNUSED_FUNCTION = YES;
				GCC_WARN_UNUSED_VARIABLE = YES;
				IPHONEOS_DEPLOYMENT_TARGET = 9.0;
				MTL_ENABLE_DEBUG_INFO = YES;
				ONLY_ACTIVE_ARCH = YES;
				SDKROOT = iphoneos;
				SWIFT_OPTIMIZATION_LEVEL = "-Onone";
				TARGETED_DEVICE_FAMILY = "1,2";
			};
			name = Debug;
		};
		676B11F81BE84FF000CB22A4 /* Release */ = {
			isa = XCBuildConfiguration;
			buildSettings = {
				ALWAYS_SEARCH_USER_PATHS = NO;
				CLANG_CXX_LANGUAGE_STANDARD = "gnu++0x";
				CLANG_CXX_LIBRARY = "libc++";
				CLANG_ENABLE_MODULES = YES;
				CLANG_ENABLE_OBJC_ARC = YES;
				CLANG_WARN_BOOL_CONVERSION = YES;
				CLANG_WARN_CONSTANT_CONVERSION = YES;
				CLANG_WARN_DIRECT_OBJC_ISA_USAGE = YES_ERROR;
				CLANG_WARN_EMPTY_BODY = YES;
				CLANG_WARN_ENUM_CONVERSION = YES;
				CLANG_WARN_INT_CONVERSION = YES;
				CLANG_WARN_OBJC_ROOT_CLASS = YES_ERROR;
				CLANG_WARN_UNREACHABLE_CODE = YES;
				CLANG_WARN__DUPLICATE_METHOD_MATCH = YES;
				"CODE_SIGN_IDENTITY[sdk=iphoneos*]" = "iPhone Developer";
				COPY_PHASE_STRIP = NO;
				DEBUG_INFORMATION_FORMAT = "dwarf-with-dsym";
				ENABLE_NS_ASSERTIONS = NO;
				ENABLE_STRICT_OBJC_MSGSEND = YES;
				GCC_C_LANGUAGE_STANDARD = gnu99;
				GCC_NO_COMMON_BLOCKS = YES;
				GCC_WARN_64_TO_32_BIT_CONVERSION = YES;
				GCC_WARN_ABOUT_RETURN_TYPE = YES_ERROR;
				GCC_WARN_UNDECLARED_SELECTOR = YES;
				GCC_WARN_UNINITIALIZED_AUTOS = YES_AGGRESSIVE;
				GCC_WARN_UNUSED_FUNCTION = YES;
				GCC_WARN_UNUSED_VARIABLE = YES;
				IPHONEOS_DEPLOYMENT_TARGET = 9.0;
				MTL_ENABLE_DEBUG_INFO = NO;
				SDKROOT = iphoneos;
				TARGETED_DEVICE_FAMILY = "1,2";
				VALIDATE_PRODUCT = YES;
			};
			name = Release;
		};
		676B11FA1BE84FF000CB22A4 /* Debug */ = {
			isa = XCBuildConfiguration;
			buildSettings = {
				ASSETCATALOG_COMPILER_APPICON_NAME = AppIcon;
				INFOPLIST_FILE = "Test Dynamic Cells/Info.plist";
				LD_RUNPATH_SEARCH_PATHS = "$(inherited) @executable_path/Frameworks";
				PRODUCT_BUNDLE_IDENTIFIER = "sawalker.Test-Dynamic-Cells";
				PRODUCT_NAME = "$(TARGET_NAME)";
			};
			name = Debug;
		};
		676B11FB1BE84FF000CB22A4 /* Release */ = {
			isa = XCBuildConfiguration;
			buildSettings = {
				ASSETCATALOG_COMPILER_APPICON_NAME = AppIcon;
				INFOPLIST_FILE = "Test Dynamic Cells/Info.plist";
				LD_RUNPATH_SEARCH_PATHS = "$(inherited) @executable_path/Frameworks";
				PRODUCT_BUNDLE_IDENTIFIER = "sawalker.Test-Dynamic-Cells";
				PRODUCT_NAME = "$(TARGET_NAME)";
			};
			name = Release;
		};
/* End XCBuildConfiguration section */

/* Begin XCConfigurationList section */
		676B11E21BE84FF000CB22A4 /* Build configuration list for PBXProject "Test Dynamic Cells" */ = {
			isa = XCConfigurationList;
			buildConfigurations = (
				676B11F71BE84FF000CB22A4 /* Debug */,
				676B11F81BE84FF000CB22A4 /* Release */,
			);
			defaultConfigurationIsVisible = 0;
			defaultConfigurationName = Release;
		};
		676B11F91BE84FF000CB22A4 /* Build configuration list for PBXNativeTarget "Test Dynamic Cells" */ = {
			isa = XCConfigurationList;
			buildConfigurations = (
				676B11FA1BE84FF000CB22A4 /* Debug */,
				676B11FB1BE84FF000CB22A4 /* Release */,
			);
			defaultConfigurationIsVisible = 0;
		};
/* End XCConfigurationList section */
	};
	rootObject = 676B11DF1BE84FF000CB22A4 /* Project object */;
}
